
Microsoft Visual Studio Solution File, Format Version 12.00
Project("{2150E333-8FDC-42A3-9474-1A3956D46DE8}") = "src", "src", "{A923E3B6-73C0-4A85-BE97-400AA1EBD3D5}"
EndProject
Project("{FAE04EC0-301F-11D3-BF4B-00C04F79EFBC}") = "BarberBoss.API", "src\BarberBoss.API\BarberBoss.API.csproj", "{D24973A5-9196-4AC6-98BD-68BEB3FCF5E9}"
EndProject
Project("{FAE04EC0-301F-11D3-BF4B-00C04F79EFBC}") = "BarberBoss.Application", "src\BarberBoss.Application\BarberBoss.Application.csproj", "{ACF674A4-7F11-49DC-A306-65458E83AB80}"
EndProject
Project("{FAE04EC0-301F-11D3-BF4B-00C04F79EFBC}") = "BarberBoss.Domain", "src\BarberBoss.Domain\BarberBoss.Domain.csproj", "{CAD4C330-C4D7-45B2-8535-D86E5B0519D0}"
EndProject
Project("{FAE04EC0-301F-11D3-BF4B-00C04F79EFBC}") = "BarberBoss.Communication", "src\BarberBoss.Communication\BarberBoss.Communication.csproj", "{4DC67515-59E0-4F36-BD03-768E59693143}"
EndProject
Project("{FAE04EC0-301F-11D3-BF4B-00C04F79EFBC}") = "BarberBoss.Infrastructure", "src\BarberBoss.Infrastructure\BarberBoss.Infrastructure.csproj", "{56598A5F-58CE-4710-A952-040772379FBB}"
EndProject
Project("{2150E333-8FDC-42A3-9474-1A3956D46DE8}") = "tests", "tests", "{8A32AF9D-A3D9-4084-91B2-3AF38059E97B}"
EndProject
Project("{FAE04EC0-301F-11D3-BF4B-00C04F79EFBC}") = "BarberBoss.Application.Tests", "tests\BarberBoss.Application.Tests\BarberBoss.Application.Tests.csproj", "{21B29304-B736-42E2-B7BD-1E9939C359F2}"
EndProject
Project("{FAE04EC0-301F-11D3-BF4B-00C04F79EFBC}") = "BarberBoss.Exception", "src\BarberBoss.Exception\BarberBoss.Exception.csproj", "{8929AAD3-81C0-48F1-9D32-32D145C568BD}"
EndProject
Global
	GlobalSection(SolutionConfigurationPlatforms) = preSolution
		Debug|Any CPU = Debug|Any CPU
		Release|Any CPU = Release|Any CPU
	EndGlobalSection
	GlobalSection(ProjectConfigurationPlatforms) = postSolution
		{4106E91E-17A7-4569-BBEC-59D123890964}.Debug|Any CPU.ActiveCfg = Debug|Any CPU
		{4106E91E-17A7-4569-BBEC-59D123890964}.Debug|Any CPU.Build.0 = Debug|Any CPU
		{4106E91E-17A7-4569-BBEC-59D123890964}.Release|Any CPU.ActiveCfg = Release|Any CPU
		{4106E91E-17A7-4569-BBEC-59D123890964}.Release|Any CPU.Build.0 = Release|Any CPU
		{D24973A5-9196-4AC6-98BD-68BEB3FCF5E9}.Debug|Any CPU.ActiveCfg = Debug|Any CPU
		{D24973A5-9196-4AC6-98BD-68BEB3FCF5E9}.Debug|Any CPU.Build.0 = Debug|Any CPU
		{D24973A5-9196-4AC6-98BD-68BEB3FCF5E9}.Release|Any CPU.ActiveCfg = Release|Any CPU
		{D24973A5-9196-4AC6-98BD-68BEB3FCF5E9}.Release|Any CPU.Build.0 = Release|Any CPU
		{ACF674A4-7F11-49DC-A306-65458E83AB80}.Debug|Any CPU.ActiveCfg = Debug|Any CPU
		{ACF674A4-7F11-49DC-A306-65458E83AB80}.Debug|Any CPU.Build.0 = Debug|Any CPU
		{ACF674A4-7F11-49DC-A306-65458E83AB80}.Release|Any CPU.ActiveCfg = Release|Any CPU
		{ACF674A4-7F11-49DC-A306-65458E83AB80}.Release|Any CPU.Build.0 = Release|Any CPU
		{CAD4C330-C4D7-45B2-8535-D86E5B0519D0}.Debug|Any CPU.ActiveCfg = Debug|Any CPU
		{CAD4C330-C4D7-45B2-8535-D86E5B0519D0}.Debug|Any CPU.Build.0 = Debug|Any CPU
		{CAD4C330-C4D7-45B2-8535-D86E5B0519D0}.Release|Any CPU.ActiveCfg = Release|Any CPU
		{CAD4C330-C4D7-45B2-8535-D86E5B0519D0}.Release|Any CPU.Build.0 = Release|Any CPU
		{4DC67515-59E0-4F36-BD03-768E59693143}.Debug|Any CPU.ActiveCfg = Debug|Any CPU
		{4DC67515-59E0-4F36-BD03-768E59693143}.Debug|Any CPU.Build.0 = Debug|Any CPU
		{4DC67515-59E0-4F36-BD03-768E59693143}.Release|Any CPU.ActiveCfg = Release|Any CPU
		{4DC67515-59E0-4F36-BD03-768E59693143}.Release|Any CPU.Build.0 = Release|Any CPU
		{56598A5F-58CE-4710-A952-040772379FBB}.Debug|Any CPU.ActiveCfg = Debug|Any CPU
		{56598A5F-58CE-4710-A952-040772379FBB}.Debug|Any CPU.Build.0 = Debug|Any CPU
		{56598A5F-58CE-4710-A952-040772379FBB}.Release|Any CPU.ActiveCfg = Release|Any CPU
		{56598A5F-58CE-4710-A952-040772379FBB}.Release|Any CPU.Build.0 = Release|Any CPU
		{21B29304-B736-42E2-B7BD-1E9939C359F2}.Debug|Any CPU.ActiveCfg = Debug|Any CPU
		{21B29304-B736-42E2-B7BD-1E9939C359F2}.Debug|Any CPU.Build.0 = Debug|Any CPU
		{21B29304-B736-42E2-B7BD-1E9939C359F2}.Release|Any CPU.ActiveCfg = Release|Any CPU
		{21B29304-B736-42E2-B7BD-1E9939C359F2}.Release|Any CPU.Build.0 = Release|Any CPU
		{8929AAD3-81C0-48F1-9D32-32D145C568BD}.Debug|Any CPU.ActiveCfg = Debug|Any CPU
		{8929AAD3-81C0-48F1-9D32-32D145C568BD}.Debug|Any CPU.Build.0 = Debug|Any CPU
		{8929AAD3-81C0-48F1-9D32-32D145C568BD}.Release|Any CPU.ActiveCfg = Release|Any CPU
		{8929AAD3-81C0-48F1-9D32-32D145C568BD}.Release|Any CPU.Build.0 = Release|Any CPU
	EndGlobalSection
	GlobalSection(NestedProjects) = preSolution
		{4106E91E-17A7-4569-BBEC-59D123890964} = {A923E3B6-73C0-4A85-BE97-400AA1EBD3D5}
		{D24973A5-9196-4AC6-98BD-68BEB3FCF5E9} = {A923E3B6-73C0-4A85-BE97-400AA1EBD3D5}
		{ACF674A4-7F11-49DC-A306-65458E83AB80} = {A923E3B6-73C0-4A85-BE97-400AA1EBD3D5}
		{CAD4C330-C4D7-45B2-8535-D86E5B0519D0} = {A923E3B6-73C0-4A85-BE97-400AA1EBD3D5}
		{4DC67515-59E0-4F36-BD03-768E59693143} = {A923E3B6-73C0-4A85-BE97-400AA1EBD3D5}
		{56598A5F-58CE-4710-A952-040772379FBB} = {A923E3B6-73C0-4A85-BE97-400AA1EBD3D5}
		{21B29304-B736-42E2-B7BD-1E9939C359F2} = {8A32AF9D-A3D9-4084-91B2-3AF38059E97B}
		{8929AAD3-81C0-48F1-9D32-32D145C568BD} = {A923E3B6-73C0-4A85-BE97-400AA1EBD3D5}
	EndGlobalSection
EndGlobal
